
Microsoft Visual Studio Solution File, Format Version 12.00
# Visual Studio 2015
Project("{FAE04EC0-301F-11D3-BF4B-00C04F79EFBC}") = "TRAM! A Guided Experience", "TRAM! A Guided Experience.csproj", "{B6858C27-4795-A89F-6558-B17E6E80C2F6}"
EndProject
Global
	GlobalSection(SolutionConfigurationPlatforms) = preSolution
		Debug|Any CPU = Debug|Any CPU
		Release|Any CPU = Release|Any CPU
	EndGlobalSection
	GlobalSection(ProjectConfigurationPlatforms) = postSolution
		{B6858C27-4795-A89F-6558-B17E6E80C2F6}.Debug|Any CPU.ActiveCfg = Debug|Any CPU
		{B6858C27-4795-A89F-6558-B17E6E80C2F6}.Debug|Any CPU.Build.0 = Debug|Any CPU
		{B6858C27-4795-A89F-6558-B17E6E80C2F6}.Release|Any CPU.ActiveCfg = Release|Any CPU
		{B6858C27-4795-A89F-6558-B17E6E80C2F6}.Release|Any CPU.Build.0 = Release|Any CPU
	EndGlobalSection
	GlobalSection(SolutionProperties) = preSolution
		HideSolutionNode = FALSE
	EndGlobalSection
EndGlobal
